// !$*UTF8*$!
{
	archiveVersion = 1;
	classes = {
	};
	objectVersion = 51;
	objects = {

/* Begin PBXBuildFile section */
		7C0125E924346BF0003410BF /* PhotoCollectionViewCell.xib in Resources */ = {isa = PBXBuildFile; fileRef = 7C0125E824346BF0003410BF /* PhotoCollectionViewCell.xib */; };
		7C0125EB2434722E003410BF /* StorageManager.swift in Sources */ = {isa = PBXBuildFile; fileRef = 7C0125EA2434722E003410BF /* StorageManager.swift */; };
		7C0125EE24347250003410BF /* FlickrDemo.xcdatamodeld in Sources */ = {isa = PBXBuildFile; fileRef = 7C0125EC24347250003410BF /* FlickrDemo.xcdatamodeld */; };
		7C0125F3243474FF003410BF /* PhotoInterface.swift in Sources */ = {isa = PBXBuildFile; fileRef = 7C0125F2243474FF003410BF /* PhotoInterface.swift */; };
		7C0125F524347AD4003410BF /* Int+Extension.swift in Sources */ = {isa = PBXBuildFile; fileRef = 7C0125F424347AD4003410BF /* Int+Extension.swift */; };
		7C04AB24243386960068F741 /* PhotoSearchManager.swift in Sources */ = {isa = PBXBuildFile; fileRef = 7C04AB23243386960068F741 /* PhotoSearchManager.swift */; };
		7C562FA8243319A900D451B4 /* AppDelegate.swift in Sources */ = {isa = PBXBuildFile; fileRef = 7C562FA7243319A900D451B4 /* AppDelegate.swift */; };
		7C562FAC243319A900D451B4 /* SearchFormViewController.swift in Sources */ = {isa = PBXBuildFile; fileRef = 7C562FAB243319A900D451B4 /* SearchFormViewController.swift */; };
		7C562FAF243319A900D451B4 /* Main.storyboard in Resources */ = {isa = PBXBuildFile; fileRef = 7C562FAD243319A900D451B4 /* Main.storyboard */; };
		7C562FB1243319AB00D451B4 /* Assets.xcassets in Resources */ = {isa = PBXBuildFile; fileRef = 7C562FB0243319AB00D451B4 /* Assets.xcassets */; };
		7C562FB4243319AB00D451B4 /* LaunchScreen.storyboard in Resources */ = {isa = PBXBuildFile; fileRef = 7C562FB2243319AB00D451B4 /* LaunchScreen.storyboard */; };
		7C562FBC2433216E00D451B4 /* SearchResultViewController.swift in Sources */ = {isa = PBXBuildFile; fileRef = 7C562FBB2433216E00D451B4 /* SearchResultViewController.swift */; };
		7C562FC02433234200D451B4 /* UIView+Extension.swift in Sources */ = {isa = PBXBuildFile; fileRef = 7C562FBF2433234200D451B4 /* UIView+Extension.swift */; };
		7C8D6DF02433674700EEE795 /* UIScreen+Extension.swift in Sources */ = {isa = PBXBuildFile; fileRef = 7C8D6DEF2433674700EEE795 /* UIScreen+Extension.swift */; };
		7C8D6DF224337E6A00EEE795 /* UITextField+Extension.swift in Sources */ = {isa = PBXBuildFile; fileRef = 7C8D6DF124337E6A00EEE795 /* UITextField+Extension.swift */; };
		7C8D6DF52433807000EEE795 /* CSButton.swift in Sources */ = {isa = PBXBuildFile; fileRef = 7C8D6DF42433807000EEE795 /* CSButton.swift */; };
		7C8D6DF72433856200EEE795 /* HTTPClient.swift in Sources */ = {isa = PBXBuildFile; fileRef = 7C8D6DF62433856200EEE795 /* HTTPClient.swift */; };
		7CC0FC402433929C00B0AD37 /* PhotosModel.swift in Sources */ = {isa = PBXBuildFile; fileRef = 7CC0FC3F2433929C00B0AD37 /* PhotosModel.swift */; };
		7CC0FC422433977100B0AD37 /* Flickr.plist in Resources */ = {isa = PBXBuildFile; fileRef = 7CC0FC412433977100B0AD37 /* Flickr.plist */; };
		7CC0FC4424339CD500B0AD37 /* Storyboarded.swift in Sources */ = {isa = PBXBuildFile; fileRef = 7CC0FC4324339CD500B0AD37 /* Storyboarded.swift */; };
		7CC0FC462433A32600B0AD37 /* PhotoCollectionViewCell.swift in Sources */ = {isa = PBXBuildFile; fileRef = 7CC0FC452433A32600B0AD37 /* PhotoCollectionViewCell.swift */; };
		7CC0FC482433A3E800B0AD37 /* CellRegistrator.swift in Sources */ = {isa = PBXBuildFile; fileRef = 7CC0FC472433A3E800B0AD37 /* CellRegistrator.swift */; };
		7CC0FC4F2433A87E00B0AD37 /* KingfisherWrapper.swift in Sources */ = {isa = PBXBuildFile; fileRef = 7CC0FC4E2433A87E00B0AD37 /* KingfisherWrapper.swift */; };
		886D19145D2D7353428A3B19 /* Pods_FlickrDemo.framework in Frameworks */ = {isa = PBXBuildFile; fileRef = D6EA95844FFCF82B830D358A /* Pods_FlickrDemo.framework */; };
/* End PBXBuildFile section */

/* Begin PBXFileReference section */
		47C0C90F791AEBB23C3864C5 /* Pods-FlickrDemo.debug.xcconfig */ = {isa = PBXFileReference; includeInIndex = 1; lastKnownFileType = text.xcconfig; name = "Pods-FlickrDemo.debug.xcconfig"; path = "Target Support Files/Pods-FlickrDemo/Pods-FlickrDemo.debug.xcconfig"; sourceTree = "<group>"; };
		7C0125E824346BF0003410BF /* PhotoCollectionViewCell.xib */ = {isa = PBXFileReference; lastKnownFileType = file.xib; path = PhotoCollectionViewCell.xib; sourceTree = "<group>"; };
		7C0125EA2434722E003410BF /* StorageManager.swift */ = {isa = PBXFileReference; lastKnownFileType = sourcecode.swift; path = StorageManager.swift; sourceTree = "<group>"; };
		7C0125ED24347250003410BF /* FlickrDemo.xcdatamodel */ = {isa = PBXFileReference; lastKnownFileType = wrapper.xcdatamodel; path = FlickrDemo.xcdatamodel; sourceTree = "<group>"; };
		7C0125F2243474FF003410BF /* PhotoInterface.swift */ = {isa = PBXFileReference; lastKnownFileType = sourcecode.swift; path = PhotoInterface.swift; sourceTree = "<group>"; };
		7C0125F424347AD4003410BF /* Int+Extension.swift */ = {isa = PBXFileReference; lastKnownFileType = sourcecode.swift; path = "Int+Extension.swift"; sourceTree = "<group>"; };
		7C04AB23243386960068F741 /* PhotoSearchManager.swift */ = {isa = PBXFileReference; lastKnownFileType = sourcecode.swift; path = PhotoSearchManager.swift; sourceTree = "<group>"; };
		7C562FA4243319A900D451B4 /* FlickrDemo.app */ = {isa = PBXFileReference; explicitFileType = wrapper.application; includeInIndex = 0; path = FlickrDemo.app; sourceTree = BUILT_PRODUCTS_DIR; };
		7C562FA7243319A900D451B4 /* AppDelegate.swift */ = {isa = PBXFileReference; lastKnownFileType = sourcecode.swift; path = AppDelegate.swift; sourceTree = "<group>"; };
		7C562FAB243319A900D451B4 /* SearchFormViewController.swift */ = {isa = PBXFileReference; lastKnownFileType = sourcecode.swift; path = SearchFormViewController.swift; sourceTree = "<group>"; };
		7C562FAE243319A900D451B4 /* Base */ = {isa = PBXFileReference; lastKnownFileType = file.storyboard; name = Base; path = Base.lproj/Main.storyboard; sourceTree = "<group>"; };
		7C562FB0243319AB00D451B4 /* Assets.xcassets */ = {isa = PBXFileReference; lastKnownFileType = folder.assetcatalog; path = Assets.xcassets; sourceTree = "<group>"; };
		7C562FB3243319AB00D451B4 /* Base */ = {isa = PBXFileReference; lastKnownFileType = file.storyboard; name = Base; path = Base.lproj/LaunchScreen.storyboard; sourceTree = "<group>"; };
		7C562FB5243319AB00D451B4 /* Info.plist */ = {isa = PBXFileReference; lastKnownFileType = text.plist.xml; path = Info.plist; sourceTree = "<group>"; };
		7C562FBB2433216E00D451B4 /* SearchResultViewController.swift */ = {isa = PBXFileReference; lastKnownFileType = sourcecode.swift; path = SearchResultViewController.swift; sourceTree = "<group>"; };
		7C562FBF2433234200D451B4 /* UIView+Extension.swift */ = {isa = PBXFileReference; lastKnownFileType = sourcecode.swift; path = "UIView+Extension.swift"; sourceTree = "<group>"; };
		7C8D6DEF2433674700EEE795 /* UIScreen+Extension.swift */ = {isa = PBXFileReference; lastKnownFileType = sourcecode.swift; path = "UIScreen+Extension.swift"; sourceTree = "<group>"; };
		7C8D6DF124337E6A00EEE795 /* UITextField+Extension.swift */ = {isa = PBXFileReference; lastKnownFileType = sourcecode.swift; path = "UITextField+Extension.swift"; sourceTree = "<group>"; };
		7C8D6DF42433807000EEE795 /* CSButton.swift */ = {isa = PBXFileReference; lastKnownFileType = sourcecode.swift; path = CSButton.swift; sourceTree = "<group>"; };
		7C8D6DF62433856200EEE795 /* HTTPClient.swift */ = {isa = PBXFileReference; lastKnownFileType = sourcecode.swift; path = HTTPClient.swift; sourceTree = "<group>"; };
		7CC0FC3F2433929C00B0AD37 /* PhotosModel.swift */ = {isa = PBXFileReference; lastKnownFileType = sourcecode.swift; path = PhotosModel.swift; sourceTree = "<group>"; };
		7CC0FC412433977100B0AD37 /* Flickr.plist */ = {isa = PBXFileReference; lastKnownFileType = text.plist.xml; path = Flickr.plist; sourceTree = "<group>"; };
		7CC0FC4324339CD500B0AD37 /* Storyboarded.swift */ = {isa = PBXFileReference; lastKnownFileType = sourcecode.swift; path = Storyboarded.swift; sourceTree = "<group>"; };
		7CC0FC452433A32600B0AD37 /* PhotoCollectionViewCell.swift */ = {isa = PBXFileReference; lastKnownFileType = sourcecode.swift; path = PhotoCollectionViewCell.swift; sourceTree = "<group>"; };
		7CC0FC472433A3E800B0AD37 /* CellRegistrator.swift */ = {isa = PBXFileReference; lastKnownFileType = sourcecode.swift; path = CellRegistrator.swift; sourceTree = "<group>"; };
		7CC0FC4E2433A87E00B0AD37 /* KingfisherWrapper.swift */ = {isa = PBXFileReference; lastKnownFileType = sourcecode.swift; path = KingfisherWrapper.swift; sourceTree = "<group>"; };
		D6EA95844FFCF82B830D358A /* Pods_FlickrDemo.framework */ = {isa = PBXFileReference; explicitFileType = wrapper.framework; includeInIndex = 0; path = Pods_FlickrDemo.framework; sourceTree = BUILT_PRODUCTS_DIR; };
		DEAF293DCC9FA8AE0DBB38B1 /* Pods-FlickrDemo.release.xcconfig */ = {isa = PBXFileReference; includeInIndex = 1; lastKnownFileType = text.xcconfig; name = "Pods-FlickrDemo.release.xcconfig"; path = "Target Support Files/Pods-FlickrDemo/Pods-FlickrDemo.release.xcconfig"; sourceTree = "<group>"; };
/* End PBXFileReference section */

/* Begin PBXFrameworksBuildPhase section */
		7C562FA1243319A900D451B4 /* Frameworks */ = {
			isa = PBXFrameworksBuildPhase;
			buildActionMask = 2147483647;
			files = (
				886D19145D2D7353428A3B19 /* Pods_FlickrDemo.framework in Frameworks */,
			);
			runOnlyForDeploymentPostprocessing = 0;
		};
/* End PBXFrameworksBuildPhase section */

/* Begin PBXGroup section */
		7C0125EF24347257003410BF /* Storage */ = {
			isa = PBXGroup;
			children = (
				7C0125EA2434722E003410BF /* StorageManager.swift */,
				7C0125EC24347250003410BF /* FlickrDemo.xcdatamodeld */,
			);
			path = Storage;
			sourceTree = "<group>";
		};
		7C0125F02434727E003410BF /* Networking */ = {
			isa = PBXGroup;
			children = (
				7C8D6DF62433856200EEE795 /* HTTPClient.swift */,
			);
			path = Networking;
			sourceTree = "<group>";
		};
		7C0125F12434728C003410BF /* PhotoList */ = {
			isa = PBXGroup;
			children = (
				7C04AB23243386960068F741 /* PhotoSearchManager.swift */,
				7CC0FC3F2433929C00B0AD37 /* PhotosModel.swift */,
				7C0125F2243474FF003410BF /* PhotoInterface.swift */,
			);
			path = PhotoList;
			sourceTree = "<group>";
		};
		7C562F9B243319A900D451B4 = {
			isa = PBXGroup;
			children = (
				7C562FA6243319A900D451B4 /* FlickrDemo */,
				7C562FA5243319A900D451B4 /* Products */,
				AA1CFFB9D72392A110DB49EC /* Pods */,
				F02B7DBE94626902ED32A9C8 /* Frameworks */,
			);
			sourceTree = "<group>";
		};
		7C562FA5243319A900D451B4 /* Products */ = {
			isa = PBXGroup;
			children = (
				7C562FA4243319A900D451B4 /* FlickrDemo.app */,
			);
			name = Products;
			sourceTree = "<group>";
		};
		7C562FA6243319A900D451B4 /* FlickrDemo */ = {
			isa = PBXGroup;
			children = (
				7CC0FC4D2433A86100B0AD37 /* ThirdPartyWrapper */,
				7CC0FC4B2433A5F000B0AD37 /* Application */,
				7C562FBE2433233200D451B4 /* Extensions+Helper */,
				7C8D6DF8243385E400EEE795 /* Models */,
				7C8D6DF324337FA200EEE795 /* Views */,
				7CC0FC4A2433A5D200B0AD37 /* Controllers */,
				7C562FB0243319AB00D451B4 /* Assets.xcassets */,
				7C562FB5243319AB00D451B4 /* Info.plist */,
				7CC0FC412433977100B0AD37 /* Flickr.plist */,
			);
			path = FlickrDemo;
			sourceTree = "<group>";
		};
		7C562FBE2433233200D451B4 /* Extensions+Helper */ = {
			isa = PBXGroup;
			children = (
				7C562FBF2433234200D451B4 /* UIView+Extension.swift */,
				7C8D6DEF2433674700EEE795 /* UIScreen+Extension.swift */,
				7C8D6DF124337E6A00EEE795 /* UITextField+Extension.swift */,
				7CC0FC472433A3E800B0AD37 /* CellRegistrator.swift */,
				7CC0FC4324339CD500B0AD37 /* Storyboarded.swift */,
				7C0125F424347AD4003410BF /* Int+Extension.swift */,
			);
			path = "Extensions+Helper";
			sourceTree = "<group>";
		};
		7C8D6DF324337FA200EEE795 /* Views */ = {
			isa = PBXGroup;
			children = (
				7C562FAD243319A900D451B4 /* Main.storyboard */,
				7CC0FC452433A32600B0AD37 /* PhotoCollectionViewCell.swift */,
				7C0125E824346BF0003410BF /* PhotoCollectionViewCell.xib */,
				7C8D6DF42433807000EEE795 /* CSButton.swift */,
			);
			path = Views;
			sourceTree = "<group>";
		};
		7C8D6DF8243385E400EEE795 /* Models */ = {
			isa = PBXGroup;
			children = (
				7C0125F12434728C003410BF /* PhotoList */,
				7C0125F02434727E003410BF /* Networking */,
				7C0125EF24347257003410BF /* Storage */,
			);
			path = Models;
			sourceTree = "<group>";
		};
		7CC0FC4A2433A5D200B0AD37 /* Controllers */ = {
			isa = PBXGroup;
			children = (
				7C562FAB243319A900D451B4 /* SearchFormViewController.swift */,
				7C562FBB2433216E00D451B4 /* SearchResultViewController.swift */,
			);
			path = Controllers;
			sourceTree = "<group>";
		};
		7CC0FC4B2433A5F000B0AD37 /* Application */ = {
			isa = PBXGroup;
			children = (
				7C562FA7243319A900D451B4 /* AppDelegate.swift */,
				7C562FB2243319AB00D451B4 /* LaunchScreen.storyboard */,
			);
			path = Application;
			sourceTree = "<group>";
		};
		7CC0FC4D2433A86100B0AD37 /* ThirdPartyWrapper */ = {
			isa = PBXGroup;
			children = (
				7CC0FC4E2433A87E00B0AD37 /* KingfisherWrapper.swift */,
			);
			path = ThirdPartyWrapper;
			sourceTree = "<group>";
		};
		AA1CFFB9D72392A110DB49EC /* Pods */ = {
			isa = PBXGroup;
			children = (
				47C0C90F791AEBB23C3864C5 /* Pods-FlickrDemo.debug.xcconfig */,
				DEAF293DCC9FA8AE0DBB38B1 /* Pods-FlickrDemo.release.xcconfig */,
			);
			path = Pods;
			sourceTree = "<group>";
		};
		F02B7DBE94626902ED32A9C8 /* Frameworks */ = {
			isa = PBXGroup;
			children = (
				D6EA95844FFCF82B830D358A /* Pods_FlickrDemo.framework */,
			);
			name = Frameworks;
			sourceTree = "<group>";
		};
/* End PBXGroup section */

/* Begin PBXNativeTarget section */
		7C562FA3243319A900D451B4 /* FlickrDemo */ = {
			isa = PBXNativeTarget;
			buildConfigurationList = 7C562FB8243319AB00D451B4 /* Build configuration list for PBXNativeTarget "FlickrDemo" */;
			buildPhases = (
				44FFA7531C030166C1C3B719 /* [CP] Check Pods Manifest.lock */,
				7C562FA0243319A900D451B4 /* Sources */,
				7C562FA1243319A900D451B4 /* Frameworks */,
				7C562FA2243319A900D451B4 /* Resources */,
				75564734760DC88E614DDA82 /* [CP] Embed Pods Frameworks */,
			);
			buildRules = (
			);
			dependencies = (
			);
			name = FlickrDemo;
			productName = FlickrDemo;
			productReference = 7C562FA4243319A900D451B4 /* FlickrDemo.app */;
			productType = "com.apple.product-type.application";
		};
/* End PBXNativeTarget section */

/* Begin PBXProject section */
		7C562F9C243319A900D451B4 /* Project object */ = {
			isa = PBXProject;
			attributes = {
				LastSwiftUpdateCheck = 1140;
				LastUpgradeCheck = 1140;
				ORGANIZATIONNAME = "Charles Hsieh";
				TargetAttributes = {
					7C562FA3243319A900D451B4 = {
						CreatedOnToolsVersion = 11.4;
					};
				};
			};
			buildConfigurationList = 7C562F9F243319A900D451B4 /* Build configuration list for PBXProject "FlickrDemo" */;
			compatibilityVersion = "Xcode 9.3";
			developmentRegion = en;
			hasScannedForEncodings = 0;
			knownRegions = (
				en,
				Base,
			);
			mainGroup = 7C562F9B243319A900D451B4;
			productRefGroup = 7C562FA5243319A900D451B4 /* Products */;
			projectDirPath = "";
			projectRoot = "";
			targets = (
				7C562FA3243319A900D451B4 /* FlickrDemo */,
			);
		};
/* End PBXProject section */

/* Begin PBXResourcesBuildPhase section */
		7C562FA2243319A900D451B4 /* Resources */ = {
			isa = PBXResourcesBuildPhase;
			buildActionMask = 2147483647;
			files = (
				7C562FB4243319AB00D451B4 /* LaunchScreen.storyboard in Resources */,
				7C0125E924346BF0003410BF /* PhotoCollectionViewCell.xib in Resources */,
				7CC0FC422433977100B0AD37 /* Flickr.plist in Resources */,
				7C562FB1243319AB00D451B4 /* Assets.xcassets in Resources */,
				7C562FAF243319A900D451B4 /* Main.storyboard in Resources */,
			);
			runOnlyForDeploymentPostprocessing = 0;
		};
/* End PBXResourcesBuildPhase section */

/* Begin PBXShellScriptBuildPhase section */
		44FFA7531C030166C1C3B719 /* [CP] Check Pods Manifest.lock */ = {
			isa = PBXShellScriptBuildPhase;
			buildActionMask = 2147483647;
			files = (
			);
			inputFileListPaths = (
			);
			inputPaths = (
				"${PODS_PODFILE_DIR_PATH}/Podfile.lock",
				"${PODS_ROOT}/Manifest.lock",
			);
			name = "[CP] Check Pods Manifest.lock";
			outputFileListPaths = (
			);
			outputPaths = (
				"$(DERIVED_FILE_DIR)/Pods-FlickrDemo-checkManifestLockResult.txt",
			);
			runOnlyForDeploymentPostprocessing = 0;
			shellPath = /bin/sh;
			shellScript = "diff \"${PODS_PODFILE_DIR_PATH}/Podfile.lock\" \"${PODS_ROOT}/Manifest.lock\" > /dev/null\nif [ $? != 0 ] ; then\n    # print error to STDERR\n    echo \"error: The sandbox is not in sync with the Podfile.lock. Run 'pod install' or update your CocoaPods installation.\" >&2\n    exit 1\nfi\n# This output is used by Xcode 'outputs' to avoid re-running this script phase.\necho \"SUCCESS\" > \"${SCRIPT_OUTPUT_FILE_0}\"\n";
			showEnvVarsInLog = 0;
		};
		75564734760DC88E614DDA82 /* [CP] Embed Pods Frameworks */ = {
			isa = PBXShellScriptBuildPhase;
			buildActionMask = 2147483647;
			files = (
			);
			inputFileListPaths = (
				"${PODS_ROOT}/Target Support Files/Pods-FlickrDemo/Pods-FlickrDemo-frameworks-${CONFIGURATION}-input-files.xcfilelist",
			);
			name = "[CP] Embed Pods Frameworks";
			outputFileListPaths = (
				"${PODS_ROOT}/Target Support Files/Pods-FlickrDemo/Pods-FlickrDemo-frameworks-${CONFIGURATION}-output-files.xcfilelist",
			);
			runOnlyForDeploymentPostprocessing = 0;
			shellPath = /bin/sh;
			shellScript = "\"${PODS_ROOT}/Target Support Files/Pods-FlickrDemo/Pods-FlickrDemo-frameworks.sh\"\n";
			showEnvVarsInLog = 0;
		};
/* End PBXShellScriptBuildPhase section */

/* Begin PBXSourcesBuildPhase section */
		7C562FA0243319A900D451B4 /* Sources */ = {
			isa = PBXSourcesBuildPhase;
			buildActionMask = 2147483647;
			files = (
				7C562FAC243319A900D451B4 /* SearchFormViewController.swift in Sources */,
				7C8D6DF02433674700EEE795 /* UIScreen+Extension.swift in Sources */,
				7C8D6DF72433856200EEE795 /* HTTPClient.swift in Sources */,
				7C0125F524347AD4003410BF /* Int+Extension.swift in Sources */,
				7C562FBC2433216E00D451B4 /* SearchResultViewController.swift in Sources */,
				7C04AB24243386960068F741 /* PhotoSearchManager.swift in Sources */,
				7CC0FC462433A32600B0AD37 /* PhotoCollectionViewCell.swift in Sources */,
				7C8D6DF224337E6A00EEE795 /* UITextField+Extension.swift in Sources */,
				7CC0FC4F2433A87E00B0AD37 /* KingfisherWrapper.swift in Sources */,
				7CC0FC482433A3E800B0AD37 /* CellRegistrator.swift in Sources */,
				7CC0FC402433929C00B0AD37 /* PhotosModel.swift in Sources */,
				7CC0FC4424339CD500B0AD37 /* Storyboarded.swift in Sources */,
				7C0125F3243474FF003410BF /* PhotoInterface.swift in Sources */,
				7C562FC02433234200D451B4 /* UIView+Extension.swift in Sources */,
				7C0125EB2434722E003410BF /* StorageManager.swift in Sources */,
				7C8D6DF52433807000EEE795 /* CSButton.swift in Sources */,
				7C562FA8243319A900D451B4 /* AppDelegate.swift in Sources */,
				7C0125EE24347250003410BF /* FlickrDemo.xcdatamodeld in Sources */,
			);
			runOnlyForDeploymentPostprocessing = 0;
		};
/* End PBXSourcesBuildPhase section */

/* Begin PBXVariantGroup section */
		7C562FAD243319A900D451B4 /* Main.storyboard */ = {
			isa = PBXVariantGroup;
			children = (
				7C562FAE243319A900D451B4 /* Base */,
			);
			name = Main.storyboard;
			sourceTree = "<group>";
		};
		7C562FB2243319AB00D451B4 /* LaunchScreen.storyboard */ = {
			isa = PBXVariantGroup;
			children = (
				7C562FB3243319AB00D451B4 /* Base */,
			);
			name = LaunchScreen.storyboard;
			sourceTree = "<group>";
		};
/* End PBXVariantGroup section */

/* Begin XCBuildConfiguration section */
		7C562FB6243319AB00D451B4 /* Debug */ = {
			isa = XCBuildConfiguration;
			buildSettings = {
				ALWAYS_SEARCH_USER_PATHS = NO;
				CLANG_ANALYZER_NONNULL = YES;
				CLANG_ANALYZER_NUMBER_OBJECT_CONVERSION = YES_AGGRESSIVE;
				CLANG_CXX_LANGUAGE_STANDARD = "gnu++14";
				CLANG_CXX_LIBRARY = "libc++";
				CLANG_ENABLE_MODULES = YES;
				CLANG_ENABLE_OBJC_ARC = YES;
				CLANG_ENABLE_OBJC_WEAK = YES;
				CLANG_WARN_BLOCK_CAPTURE_AUTORELEASING = YES;
				CLANG_WARN_BOOL_CONVERSION = YES;
				CLANG_WARN_COMMA = YES;
				CLANG_WARN_CONSTANT_CONVERSION = YES;
				CLANG_WARN_DEPRECATED_OBJC_IMPLEMENTATIONS = YES;
				CLANG_WARN_DIRECT_OBJC_ISA_USAGE = YES_ERROR;
				CLANG_WARN_DOCUMENTATION_COMMENTS = YES;
				CLANG_WARN_EMPTY_BODY = YES;
				CLANG_WARN_ENUM_CONVERSION = YES;
				CLANG_WARN_INFINITE_RECURSION = YES;
				CLANG_WARN_INT_CONVERSION = YES;
				CLANG_WARN_NON_LITERAL_NULL_CONVERSION = YES;
				CLANG_WARN_OBJC_IMPLICIT_RETAIN_SELF = YES;
				CLANG_WARN_OBJC_LITERAL_CONVERSION = YES;
				CLANG_WARN_OBJC_ROOT_CLASS = YES_ERROR;
				CLANG_WARN_RANGE_LOOP_ANALYSIS = YES;
				CLANG_WARN_STRICT_PROTOTYPES = YES;
				CLANG_WARN_SUSPICIOUS_MOVE = YES;
				CLANG_WARN_UNGUARDED_AVAILABILITY = YES_AGGRESSIVE;
				CLANG_WARN_UNREACHABLE_CODE = YES;
				CLANG_WARN__DUPLICATE_METHOD_MATCH = YES;
				COPY_PHASE_STRIP = NO;
				DEBUG_INFORMATION_FORMAT = dwarf;
				ENABLE_STRICT_OBJC_MSGSEND = YES;
				ENABLE_TESTABILITY = YES;
				GCC_C_LANGUAGE_STANDARD = gnu11;
				GCC_DYNAMIC_NO_PIC = NO;
				GCC_NO_COMMON_BLOCKS = YES;
				GCC_OPTIMIZATION_LEVEL = 0;
				GCC_PREPROCESSOR_DEFINITIONS = (
					"DEBUG=1",
					"$(inherited)",
				);
				GCC_WARN_64_TO_32_BIT_CONVERSION = YES;
				GCC_WARN_ABOUT_RETURN_TYPE = YES_ERROR;
				GCC_WARN_UNDECLARED_SELECTOR = YES;
				GCC_WARN_UNINITIALIZED_AUTOS = YES_AGGRESSIVE;
				GCC_WARN_UNUSED_FUNCTION = YES;
				GCC_WARN_UNUSED_VARIABLE = YES;
				IPHONEOS_DEPLOYMENT_TARGET = 13.4;
				MTL_ENABLE_DEBUG_INFO = INCLUDE_SOURCE;
				MTL_FAST_MATH = YES;
				ONLY_ACTIVE_ARCH = YES;
				SDKROOT = iphoneos;
				SWIFT_ACTIVE_COMPILATION_CONDITIONS = DEBUG;
				SWIFT_OPTIMIZATION_LEVEL = "-Onone";
			};
			name = Debug;
		};
		7C562FB7243319AB00D451B4 /* Release */ = {
			isa = XCBuildConfiguration;
			buildSettings = {
				ALWAYS_SEARCH_USER_PATHS = NO;
				CLANG_ANALYZER_NONNULL = YES;
				CLANG_ANALYZER_NUMBER_OBJECT_CONVERSION = YES_AGGRESSIVE;
				CLANG_CXX_LANGUAGE_STANDARD = "gnu++14";
				CLANG_CXX_LIBRARY = "libc++";
				CLANG_ENABLE_MODULES = YES;
				CLANG_ENABLE_OBJC_ARC = YES;
				CLANG_ENABLE_OBJC_WEAK = YES;
				CLANG_WARN_BLOCK_CAPTURE_AUTORELEASING = YES;
				CLANG_WARN_BOOL_CONVERSION = YES;
				CLANG_WARN_COMMA = YES;
				CLANG_WARN_CONSTANT_CONVERSION = YES;
				CLANG_WARN_DEPRECATED_OBJC_IMPLEMENTATIONS = YES;
				CLANG_WARN_DIRECT_OBJC_ISA_USAGE = YES_ERROR;
				CLANG_WARN_DOCUMENTATION_COMMENTS = YES;
				CLANG_WARN_EMPTY_BODY = YES;
				CLANG_WARN_ENUM_CONVERSION = YES;
				CLANG_WARN_INFINITE_RECURSION = YES;
				CLANG_WARN_INT_CONVERSION = YES;
				CLANG_WARN_NON_LITERAL_NULL_CONVERSION = YES;
				CLANG_WARN_OBJC_IMPLICIT_RETAIN_SELF = YES;
				CLANG_WARN_OBJC_LITERAL_CONVERSION = YES;
				CLANG_WARN_OBJC_ROOT_CLASS = YES_ERROR;
				CLANG_WARN_RANGE_LOOP_ANALYSIS = YES;
				CLANG_WARN_STRICT_PROTOTYPES = YES;
				CLANG_WARN_SUSPICIOUS_MOVE = YES;
				CLANG_WARN_UNGUARDED_AVAILABILITY = YES_AGGRESSIVE;
				CLANG_WARN_UNREACHABLE_CODE = YES;
				CLANG_WARN__DUPLICATE_METHOD_MATCH = YES;
				COPY_PHASE_STRIP = NO;
				DEBUG_INFORMATION_FORMAT = "dwarf-with-dsym";
				ENABLE_NS_ASSERTIONS = NO;
				ENABLE_STRICT_OBJC_MSGSEND = YES;
				GCC_C_LANGUAGE_STANDARD = gnu11;
				GCC_NO_COMMON_BLOCKS = YES;
				GCC_WARN_64_TO_32_BIT_CONVERSION = YES;
				GCC_WARN_ABOUT_RETURN_TYPE = YES_ERROR;
				GCC_WARN_UNDECLARED_SELECTOR = YES;
				GCC_WARN_UNINITIALIZED_AUTOS = YES_AGGRESSIVE;
				GCC_WARN_UNUSED_FUNCTION = YES;
				GCC_WARN_UNUSED_VARIABLE = YES;
				IPHONEOS_DEPLOYMENT_TARGET = 13.4;
				MTL_ENABLE_DEBUG_INFO = NO;
				MTL_FAST_MATH = YES;
				SDKROOT = iphoneos;
				SWIFT_COMPILATION_MODE = wholemodule;
				SWIFT_OPTIMIZATION_LEVEL = "-O";
				VALIDATE_PRODUCT = YES;
			};
			name = Release;
		};
		7C562FB9243319AB00D451B4 /* Debug */ = {
			isa = XCBuildConfiguration;
			baseConfigurationReference = 47C0C90F791AEBB23C3864C5 /* Pods-FlickrDemo.debug.xcconfig */;
			buildSettings = {
				ASSETCATALOG_COMPILER_APPICON_NAME = AppIcon;
				CODE_SIGN_STYLE = Automatic;
				DEVELOPMENT_TEAM = HW9KY3R5BK;
				INFOPLIST_FILE = FlickrDemo/Info.plist;
				LD_RUNPATH_SEARCH_PATHS = (
					"$(inherited)",
					"@executable_path/Frameworks",
				);
				PRODUCT_BUNDLE_IDENTIFIER = com.charleshs.FlickrDemo;
				PRODUCT_NAME = FlickrDemo;
				SWIFT_VERSION = 5.0;
				TARGETED_DEVICE_FAMILY = "1,2";
			};
			name = Debug;
		};
		7C562FBA243319AB00D451B4 /* Release */ = {
			isa = XCBuildConfiguration;
			baseConfigurationReference = DEAF293DCC9FA8AE0DBB38B1 /* Pods-FlickrDemo.release.xcconfig */;
			buildSettings = {
				ASSETCATALOG_COMPILER_APPICON_NAME = AppIcon;
				CODE_SIGN_STYLE = Automatic;
				DEVELOPMENT_TEAM = HW9KY3R5BK;
				INFOPLIST_FILE = FlickrDemo/Info.plist;
				LD_RUNPATH_SEARCH_PATHS = (
					"$(inherited)",
					"@executable_path/Frameworks",
				);
				PRODUCT_BUNDLE_IDENTIFIER = com.charleshs.FlickrDemo;
				PRODUCT_NAME = FlickrDemo;
				SWIFT_VERSION = 5.0;
				TARGETED_DEVICE_FAMILY = "1,2";
			};
			name = Release;
		};
/* End XCBuildConfiguration section */

/* Begin XCConfigurationList section */
		7C562F9F243319A900D451B4 /* Build configuration list for PBXProject "FlickrDemo" */ = {
			isa = XCConfigurationList;
			buildConfigurations = (
				7C562FB6243319AB00D451B4 /* Debug */,
				7C562FB7243319AB00D451B4 /* Release */,
			);
			defaultConfigurationIsVisible = 0;
			defaultConfigurationName = Release;
		};
		7C562FB8243319AB00D451B4 /* Build configuration list for PBXNativeTarget "FlickrDemo" */ = {
			isa = XCConfigurationList;
			buildConfigurations = (
				7C562FB9243319AB00D451B4 /* Debug */,
				7C562FBA243319AB00D451B4 /* Release */,
			);
			defaultConfigurationIsVisible = 0;
			defaultConfigurationName = Release;
		};
/* End XCConfigurationList section */

/* Begin XCVersionGroup section */
		7C0125EC24347250003410BF /* FlickrDemo.xcdatamodeld */ = {
			isa = XCVersionGroup;
			children = (
				7C0125ED24347250003410BF /* FlickrDemo.xcdatamodel */,
			);
			currentVersion = 7C0125ED24347250003410BF /* FlickrDemo.xcdatamodel */;
			path = FlickrDemo.xcdatamodeld;
			sourceTree = "<group>";
			versionGroupType = wrapper.xcdatamodel;
		};
/* End XCVersionGroup section */
	};
	rootObject = 7C562F9C243319A900D451B4 /* Project object */;
}
